// !$*UTF8*$!
{
	archiveVersion = 1;
	classes = {
	};
	objectVersion = 50;
	objects = {

/* Begin PBXBuildFile section */
		6F1061E629ED9A940063D773 /* WebFileManager.swift in Sources */ = {isa = PBXBuildFile; fileRef = 6F1061E529ED9A940063D773 /* WebFileManager.swift */; };
		6F1061E829EDF8E40063D773 /* JavaScriptLogger.swift in Sources */ = {isa = PBXBuildFile; fileRef = 6F1061E729EDF8E40063D773 /* JavaScriptLogger.swift */; };
		6F1A140129ECAFED005ED718 /* Downloader.swift in Sources */ = {isa = PBXBuildFile; fileRef = 6F1A140029ECAFED005ED718 /* Downloader.swift */; };
		6F1A140329ECB68B005ED718 /* DownloadCallbackManager.swift in Sources */ = {isa = PBXBuildFile; fileRef = 6F1A140229ECB68B005ED718 /* DownloadCallbackManager.swift */; };
		6F484D0029EA0D0E002F426A /* JavascriptInterface.swift in Sources */ = {isa = PBXBuildFile; fileRef = 6F484CFF29EA0D0E002F426A /* JavascriptInterface.swift */; };
		6F484D0629EA34DC002F426A /* LoggingNavigationDelegate.swift in Sources */ = {isa = PBXBuildFile; fileRef = 6F484D0529EA34DC002F426A /* LoggingNavigationDelegate.swift */; };
		6F484D0829EA3B7C002F426A /* buttons.html in Resources */ = {isa = PBXBuildFile; fileRef = 6F484D0729EA3B7C002F426A /* buttons.html */; };
		6F6991E729EF0577000E4F53 /* ErrorLoggingScriptMessageHandler.swift in Sources */ = {isa = PBXBuildFile; fileRef = 6F6991E629EF0577000E4F53 /* ErrorLoggingScriptMessageHandler.swift */; };
		6F8A721C29E8C4B900C4A9C8 /* AppDelegate.swift in Sources */ = {isa = PBXBuildFile; fileRef = 6F8A721B29E8C4B900C4A9C8 /* AppDelegate.swift */; };
		6F8A722029E8C4B900C4A9C8 /* ViewController.swift in Sources */ = {isa = PBXBuildFile; fileRef = 6F8A721F29E8C4B900C4A9C8 /* ViewController.swift */; };
		6F8A722329E8C4B900C4A9C8 /* Main.storyboard in Resources */ = {isa = PBXBuildFile; fileRef = 6F8A722129E8C4B900C4A9C8 /* Main.storyboard */; };
		6F8A722529E8C4B900C4A9C8 /* Assets.xcassets in Resources */ = {isa = PBXBuildFile; fileRef = 6F8A722429E8C4B900C4A9C8 /* Assets.xcassets */; };
		6F8A722829E8C4B900C4A9C8 /* LaunchScreen.storyboard in Resources */ = {isa = PBXBuildFile; fileRef = 6F8A722629E8C4B900C4A9C8 /* LaunchScreen.storyboard */; };
		6F8A723329E8C4B900C4A9C8 /* boxesTests.swift in Sources */ = {isa = PBXBuildFile; fileRef = 6F8A723229E8C4B900C4A9C8 /* boxesTests.swift */; };
		6F8A723E29E8C4B900C4A9C8 /* boxesUITests.swift in Sources */ = {isa = PBXBuildFile; fileRef = 6F8A723D29E8C4B900C4A9C8 /* boxesUITests.swift */; };
		6FB1555129ECBD4600E4E48E /* CompletionHandlerManager.swift in Sources */ = {isa = PBXBuildFile; fileRef = 6FB1555029ECBD4600E4E48E /* CompletionHandlerManager.swift */; };
		6FB1555329ECD04900E4E48E /* DownloadProgressTracker.swift in Sources */ = {isa = PBXBuildFile; fileRef = 6FB1555229ECD04900E4E48E /* DownloadProgressTracker.swift */; };
		6FB1555529ECD21400E4E48E /* FileHandler.swift in Sources */ = {isa = PBXBuildFile; fileRef = 6FB1555429ECD21400E4E48E /* FileHandler.swift */; };
		6FB5E71C29EB1CF70044E963 /* JavascriptExecutor.swift in Sources */ = {isa = PBXBuildFile; fileRef = 6FB5E71B29EB1CF70044E963 /* JavascriptExecutor.swift */; };
		6FB5E71E29EB21750044E963 /* PushNotificationRegisterer.swift in Sources */ = {isa = PBXBuildFile; fileRef = 6FB5E71D29EB21750044E963 /* PushNotificationRegisterer.swift */; };
		6FB5E72029EB21920044E963 /* RequestParser.swift in Sources */ = {isa = PBXBuildFile; fileRef = 6FB5E71F29EB21920044E963 /* RequestParser.swift */; };
		6FB5E72229EB22570044E963 /* McbaConfiguration.swift in Sources */ = {isa = PBXBuildFile; fileRef = 6FB5E72129EB22570044E963 /* McbaConfiguration.swift */; };
		6FB5E72429EB22DE0044E963 /* WebViewNavigationHandler.swift in Sources */ = {isa = PBXBuildFile; fileRef = 6FB5E72329EB22DE0044E963 /* WebViewNavigationHandler.swift */; };
/* End PBXBuildFile section */

/* Begin PBXContainerItemProxy section */
		6F8A722F29E8C4B900C4A9C8 /* PBXContainerItemProxy */ = {
			isa = PBXContainerItemProxy;
			containerPortal = 6F8A721029E8C4B800C4A9C8 /* Project object */;
			proxyType = 1;
			remoteGlobalIDString = 6F8A721729E8C4B900C4A9C8;
			remoteInfo = boxes;
		};
		6F8A723A29E8C4B900C4A9C8 /* PBXContainerItemProxy */ = {
			isa = PBXContainerItemProxy;
			containerPortal = 6F8A721029E8C4B800C4A9C8 /* Project object */;
			proxyType = 1;
			remoteGlobalIDString = 6F8A721729E8C4B900C4A9C8;
			remoteInfo = boxes;
		};
/* End PBXContainerItemProxy section */

/* Begin PBXFileReference section */
		6F1061E529ED9A940063D773 /* WebFileManager.swift */ = {isa = PBXFileReference; lastKnownFileType = sourcecode.swift; path = WebFileManager.swift; sourceTree = "<group>"; };
		6F1061E729EDF8E40063D773 /* JavaScriptLogger.swift */ = {isa = PBXFileReference; lastKnownFileType = sourcecode.swift; path = JavaScriptLogger.swift; sourceTree = "<group>"; };
		6F1A140029ECAFED005ED718 /* Downloader.swift */ = {isa = PBXFileReference; lastKnownFileType = sourcecode.swift; path = Downloader.swift; sourceTree = "<group>"; };
		6F1A140229ECB68B005ED718 /* DownloadCallbackManager.swift */ = {isa = PBXFileReference; lastKnownFileType = sourcecode.swift; path = DownloadCallbackManager.swift; sourceTree = "<group>"; };
		6F484CFF29EA0D0E002F426A /* JavascriptInterface.swift */ = {isa = PBXFileReference; lastKnownFileType = sourcecode.swift; path = JavascriptInterface.swift; sourceTree = "<group>"; };
		6F484D0529EA34DC002F426A /* LoggingNavigationDelegate.swift */ = {isa = PBXFileReference; lastKnownFileType = sourcecode.swift; path = LoggingNavigationDelegate.swift; sourceTree = "<group>"; };
		6F484D0729EA3B7C002F426A /* buttons.html */ = {isa = PBXFileReference; lastKnownFileType = text.html; path = buttons.html; sourceTree = "<group>"; };
		6F6991E629EF0577000E4F53 /* ErrorLoggingScriptMessageHandler.swift */ = {isa = PBXFileReference; lastKnownFileType = sourcecode.swift; path = ErrorLoggingScriptMessageHandler.swift; sourceTree = "<group>"; };
		6F8A721829E8C4B900C4A9C8 /* boxes.app */ = {isa = PBXFileReference; explicitFileType = wrapper.application; includeInIndex = 0; path = boxes.app; sourceTree = BUILT_PRODUCTS_DIR; };
		6F8A721B29E8C4B900C4A9C8 /* AppDelegate.swift */ = {isa = PBXFileReference; lastKnownFileType = sourcecode.swift; path = AppDelegate.swift; sourceTree = "<group>"; };
		6F8A721F29E8C4B900C4A9C8 /* ViewController.swift */ = {isa = PBXFileReference; lastKnownFileType = sourcecode.swift; path = ViewController.swift; sourceTree = "<group>"; };
		6F8A722229E8C4B900C4A9C8 /* Base */ = {isa = PBXFileReference; lastKnownFileType = file.storyboard; name = Base; path = Base.lproj/Main.storyboard; sourceTree = "<group>"; };
		6F8A722429E8C4B900C4A9C8 /* Assets.xcassets */ = {isa = PBXFileReference; lastKnownFileType = folder.assetcatalog; path = Assets.xcassets; sourceTree = "<group>"; };
		6F8A722729E8C4B900C4A9C8 /* Base */ = {isa = PBXFileReference; lastKnownFileType = file.storyboard; name = Base; path = Base.lproj/LaunchScreen.storyboard; sourceTree = "<group>"; };
		6F8A722929E8C4B900C4A9C8 /* Info.plist */ = {isa = PBXFileReference; lastKnownFileType = text.plist.xml; path = Info.plist; sourceTree = "<group>"; };
		6F8A722E29E8C4B900C4A9C8 /* boxesTests.xctest */ = {isa = PBXFileReference; explicitFileType = wrapper.cfbundle; includeInIndex = 0; path = boxesTests.xctest; sourceTree = BUILT_PRODUCTS_DIR; };
		6F8A723229E8C4B900C4A9C8 /* boxesTests.swift */ = {isa = PBXFileReference; lastKnownFileType = sourcecode.swift; path = boxesTests.swift; sourceTree = "<group>"; };
		6F8A723429E8C4B900C4A9C8 /* Info.plist */ = {isa = PBXFileReference; lastKnownFileType = text.plist.xml; path = Info.plist; sourceTree = "<group>"; };
		6F8A723929E8C4B900C4A9C8 /* boxesUITests.xctest */ = {isa = PBXFileReference; explicitFileType = wrapper.cfbundle; includeInIndex = 0; path = boxesUITests.xctest; sourceTree = BUILT_PRODUCTS_DIR; };
		6F8A723D29E8C4B900C4A9C8 /* boxesUITests.swift */ = {isa = PBXFileReference; lastKnownFileType = sourcecode.swift; path = boxesUITests.swift; sourceTree = "<group>"; };
		6F8A723F29E8C4B900C4A9C8 /* Info.plist */ = {isa = PBXFileReference; lastKnownFileType = text.plist.xml; path = Info.plist; sourceTree = "<group>"; };
		6FB1555029ECBD4600E4E48E /* CompletionHandlerManager.swift */ = {isa = PBXFileReference; lastKnownFileType = sourcecode.swift; path = CompletionHandlerManager.swift; sourceTree = "<group>"; };
		6FB1555229ECD04900E4E48E /* DownloadProgressTracker.swift */ = {isa = PBXFileReference; lastKnownFileType = sourcecode.swift; path = DownloadProgressTracker.swift; sourceTree = "<group>"; };
		6FB1555429ECD21400E4E48E /* FileHandler.swift */ = {isa = PBXFileReference; lastKnownFileType = sourcecode.swift; path = FileHandler.swift; sourceTree = "<group>"; };
		6FB5E71B29EB1CF70044E963 /* JavascriptExecutor.swift */ = {isa = PBXFileReference; lastKnownFileType = sourcecode.swift; path = JavascriptExecutor.swift; sourceTree = "<group>"; };
		6FB5E71D29EB21750044E963 /* PushNotificationRegisterer.swift */ = {isa = PBXFileReference; lastKnownFileType = sourcecode.swift; path = PushNotificationRegisterer.swift; sourceTree = "<group>"; };
		6FB5E71F29EB21920044E963 /* RequestParser.swift */ = {isa = PBXFileReference; lastKnownFileType = sourcecode.swift; path = RequestParser.swift; sourceTree = "<group>"; };
		6FB5E72129EB22570044E963 /* McbaConfiguration.swift */ = {isa = PBXFileReference; lastKnownFileType = sourcecode.swift; path = McbaConfiguration.swift; sourceTree = "<group>"; };
		6FB5E72329EB22DE0044E963 /* WebViewNavigationHandler.swift */ = {isa = PBXFileReference; lastKnownFileType = sourcecode.swift; path = WebViewNavigationHandler.swift; sourceTree = "<group>"; };
/* End PBXFileReference section */

/* Begin PBXFrameworksBuildPhase section */
		6F8A721529E8C4B900C4A9C8 /* Frameworks */ = {
			isa = PBXFrameworksBuildPhase;
			buildActionMask = 2147483647;
			files = (
			);
			runOnlyForDeploymentPostprocessing = 0;
		};
		6F8A722B29E8C4B900C4A9C8 /* Frameworks */ = {
			isa = PBXFrameworksBuildPhase;
			buildActionMask = 2147483647;
			files = (
			);
			runOnlyForDeploymentPostprocessing = 0;
		};
		6F8A723629E8C4B900C4A9C8 /* Frameworks */ = {
			isa = PBXFrameworksBuildPhase;
			buildActionMask = 2147483647;
			files = (
			);
			runOnlyForDeploymentPostprocessing = 0;
		};
/* End PBXFrameworksBuildPhase section */

/* Begin PBXGroup section */
		6F8A720F29E8C4B800C4A9C8 = {
			isa = PBXGroup;
			children = (
				6F8A721A29E8C4B900C4A9C8 /* boxes */,
				6F8A723129E8C4B900C4A9C8 /* boxesTests */,
				6F8A723C29E8C4B900C4A9C8 /* boxesUITests */,
				6F8A721929E8C4B900C4A9C8 /* Products */,
			);
			sourceTree = "<group>";
		};
		6F8A721929E8C4B900C4A9C8 /* Products */ = {
			isa = PBXGroup;
			children = (
				6F8A721829E8C4B900C4A9C8 /* boxes.app */,
				6F8A722E29E8C4B900C4A9C8 /* boxesTests.xctest */,
				6F8A723929E8C4B900C4A9C8 /* boxesUITests.xctest */,
			);
			name = Products;
			sourceTree = "<group>";
		};
		6F8A721A29E8C4B900C4A9C8 /* boxes */ = {
			isa = PBXGroup;
			children = (
				6F484D0529EA34DC002F426A /* LoggingNavigationDelegate.swift */,
				6F8A721B29E8C4B900C4A9C8 /* AppDelegate.swift */,
				6F8A721F29E8C4B900C4A9C8 /* ViewController.swift */,
				6F8A722129E8C4B900C4A9C8 /* Main.storyboard */,
				6F8A722429E8C4B900C4A9C8 /* Assets.xcassets */,
				6F8A722629E8C4B900C4A9C8 /* LaunchScreen.storyboard */,
				6F8A722929E8C4B900C4A9C8 /* Info.plist */,
				6F484CFF29EA0D0E002F426A /* JavascriptInterface.swift */,
				6F1A140029ECAFED005ED718 /* Downloader.swift */,
				6FB5E72329EB22DE0044E963 /* WebViewNavigationHandler.swift */,
				6F484D0729EA3B7C002F426A /* buttons.html */,
				6FB5E71B29EB1CF70044E963 /* JavascriptExecutor.swift */,
				6FB5E71D29EB21750044E963 /* PushNotificationRegisterer.swift */,
				6FB5E71F29EB21920044E963 /* RequestParser.swift */,
				6FB5E72129EB22570044E963 /* McbaConfiguration.swift */,
				6F1A140229ECB68B005ED718 /* DownloadCallbackManager.swift */,
				6FB1555029ECBD4600E4E48E /* CompletionHandlerManager.swift */,
				6FB1555229ECD04900E4E48E /* DownloadProgressTracker.swift */,
				6FB1555429ECD21400E4E48E /* FileHandler.swift */,
				6F1061E529ED9A940063D773 /* WebFileManager.swift */,
				6F1061E729EDF8E40063D773 /* JavaScriptLogger.swift */,
				6F6991E629EF0577000E4F53 /* ErrorLoggingScriptMessageHandler.swift */,
			);
			path = boxes;
			sourceTree = "<group>";
		};
		6F8A723129E8C4B900C4A9C8 /* boxesTests */ = {
			isa = PBXGroup;
			children = (
				6F8A723229E8C4B900C4A9C8 /* boxesTests.swift */,
				6F8A723429E8C4B900C4A9C8 /* Info.plist */,
			);
			path = boxesTests;
			sourceTree = "<group>";
		};
		6F8A723C29E8C4B900C4A9C8 /* boxesUITests */ = {
			isa = PBXGroup;
			children = (
				6F8A723D29E8C4B900C4A9C8 /* boxesUITests.swift */,
				6F8A723F29E8C4B900C4A9C8 /* Info.plist */,
			);
			path = boxesUITests;
			sourceTree = "<group>";
		};
/* End PBXGroup section */

/* Begin PBXNativeTarget section */
		6F8A721729E8C4B900C4A9C8 /* boxes */ = {
			isa = PBXNativeTarget;
			buildConfigurationList = 6F8A724229E8C4B900C4A9C8 /* Build configuration list for PBXNativeTarget "boxes" */;
			buildPhases = (
				6F8A721429E8C4B900C4A9C8 /* Sources */,
				6F8A721529E8C4B900C4A9C8 /* Frameworks */,
				6F8A721629E8C4B900C4A9C8 /* Resources */,
			);
			buildRules = (
			);
			dependencies = (
			);
			name = boxes;
			productName = boxes;
			productReference = 6F8A721829E8C4B900C4A9C8 /* boxes.app */;
			productType = "com.apple.product-type.application";
		};
		6F8A722D29E8C4B900C4A9C8 /* boxesTests */ = {
			isa = PBXNativeTarget;
			buildConfigurationList = 6F8A724529E8C4B900C4A9C8 /* Build configuration list for PBXNativeTarget "boxesTests" */;
			buildPhases = (
				6F8A722A29E8C4B900C4A9C8 /* Sources */,
				6F8A722B29E8C4B900C4A9C8 /* Frameworks */,
				6F8A722C29E8C4B900C4A9C8 /* Resources */,
			);
			buildRules = (
			);
			dependencies = (
				6F8A723029E8C4B900C4A9C8 /* PBXTargetDependency */,
			);
			name = boxesTests;
			productName = boxesTests;
			productReference = 6F8A722E29E8C4B900C4A9C8 /* boxesTests.xctest */;
			productType = "com.apple.product-type.bundle.unit-test";
		};
		6F8A723829E8C4B900C4A9C8 /* boxesUITests */ = {
			isa = PBXNativeTarget;
			buildConfigurationList = 6F8A724829E8C4B900C4A9C8 /* Build configuration list for PBXNativeTarget "boxesUITests" */;
			buildPhases = (
				6F8A723529E8C4B900C4A9C8 /* Sources */,
				6F8A723629E8C4B900C4A9C8 /* Frameworks */,
				6F8A723729E8C4B900C4A9C8 /* Resources */,
			);
			buildRules = (
			);
			dependencies = (
				6F8A723B29E8C4B900C4A9C8 /* PBXTargetDependency */,
			);
			name = boxesUITests;
			productName = boxesUITests;
			productReference = 6F8A723929E8C4B900C4A9C8 /* boxesUITests.xctest */;
			productType = "com.apple.product-type.bundle.ui-testing";
		};
/* End PBXNativeTarget section */

/* Begin PBXProject section */
		6F8A721029E8C4B800C4A9C8 /* Project object */ = {
			isa = PBXProject;
			attributes = {
				LastSwiftUpdateCheck = 1250;
				LastUpgradeCheck = 1250;
				TargetAttributes = {
					6F8A721729E8C4B900C4A9C8 = {
						CreatedOnToolsVersion = 12.5.1;
					};
					6F8A722D29E8C4B900C4A9C8 = {
						CreatedOnToolsVersion = 12.5.1;
						TestTargetID = 6F8A721729E8C4B900C4A9C8;
					};
					6F8A723829E8C4B900C4A9C8 = {
						CreatedOnToolsVersion = 12.5.1;
						TestTargetID = 6F8A721729E8C4B900C4A9C8;
					};
				};
			};
			buildConfigurationList = 6F8A721329E8C4B800C4A9C8 /* Build configuration list for PBXProject "boxes" */;
			compatibilityVersion = "Xcode 9.3";
			developmentRegion = en;
			hasScannedForEncodings = 0;
			knownRegions = (
				en,
				Base,
			);
			mainGroup = 6F8A720F29E8C4B800C4A9C8;
			productRefGroup = 6F8A721929E8C4B900C4A9C8 /* Products */;
			projectDirPath = "";
			projectRoot = "";
			targets = (
				6F8A721729E8C4B900C4A9C8 /* boxes */,
				6F8A722D29E8C4B900C4A9C8 /* boxesTests */,
				6F8A723829E8C4B900C4A9C8 /* boxesUITests */,
			);
		};
/* End PBXProject section */

/* Begin PBXResourcesBuildPhase section */
		6F8A721629E8C4B900C4A9C8 /* Resources */ = {
			isa = PBXResourcesBuildPhase;
			buildActionMask = 2147483647;
			files = (
				6F8A722829E8C4B900C4A9C8 /* LaunchScreen.storyboard in Resources */,
				6F484D0829EA3B7C002F426A /* buttons.html in Resources */,
				6F8A722529E8C4B900C4A9C8 /* Assets.xcassets in Resources */,
				6F8A722329E8C4B900C4A9C8 /* Main.storyboard in Resources */,
			);
			runOnlyForDeploymentPostprocessing = 0;
		};
		6F8A722C29E8C4B900C4A9C8 /* Resources */ = {
			isa = PBXResourcesBuildPhase;
			buildActionMask = 2147483647;
			files = (
			);
			runOnlyForDeploymentPostprocessing = 0;
		};
		6F8A723729E8C4B900C4A9C8 /* Resources */ = {
			isa = PBXResourcesBuildPhase;
			buildActionMask = 2147483647;
			files = (
			);
			runOnlyForDeploymentPostprocessing = 0;
		};
/* End PBXResourcesBuildPhase section */

/* Begin PBXSourcesBuildPhase section */
		6F8A721429E8C4B900C4A9C8 /* Sources */ = {
			isa = PBXSourcesBuildPhase;
			buildActionMask = 2147483647;
			files = (
				6FB1555129ECBD4600E4E48E /* CompletionHandlerManager.swift in Sources */,
				6F1A140129ECAFED005ED718 /* Downloader.swift in Sources */,
				6F6991E729EF0577000E4F53 /* ErrorLoggingScriptMessageHandler.swift in Sources */,
				6F1061E629ED9A940063D773 /* WebFileManager.swift in Sources */,
				6FB1555329ECD04900E4E48E /* DownloadProgressTracker.swift in Sources */,
				6F8A722029E8C4B900C4A9C8 /* ViewController.swift in Sources */,
				6FB5E72229EB22570044E963 /* McbaConfiguration.swift in Sources */,
				6F1A140329ECB68B005ED718 /* DownloadCallbackManager.swift in Sources */,
				6F484D0629EA34DC002F426A /* LoggingNavigationDelegate.swift in Sources */,
				6F1061E829EDF8E40063D773 /* JavaScriptLogger.swift in Sources */,
				6F484D0029EA0D0E002F426A /* JavascriptInterface.swift in Sources */,
				6FB1555529ECD21400E4E48E /* FileHandler.swift in Sources */,
				6FB5E72029EB21920044E963 /* RequestParser.swift in Sources */,
				6F8A721C29E8C4B900C4A9C8 /* AppDelegate.swift in Sources */,
				6FB5E71C29EB1CF70044E963 /* JavascriptExecutor.swift in Sources */,
				6FB5E72429EB22DE0044E963 /* WebViewNavigationHandler.swift in Sources */,
				6FB5E71E29EB21750044E963 /* PushNotificationRegisterer.swift in Sources */,
			);
			runOnlyForDeploymentPostprocessing = 0;
		};
		6F8A722A29E8C4B900C4A9C8 /* Sources */ = {
			isa = PBXSourcesBuildPhase;
			buildActionMask = 2147483647;
			files = (
				6F8A723329E8C4B900C4A9C8 /* boxesTests.swift in Sources */,
			);
			runOnlyForDeploymentPostprocessing = 0;
		};
		6F8A723529E8C4B900C4A9C8 /* Sources */ = {
			isa = PBXSourcesBuildPhase;
			buildActionMask = 2147483647;
			files = (
				6F8A723E29E8C4B900C4A9C8 /* boxesUITests.swift in Sources */,
			);
			runOnlyForDeploymentPostprocessing = 0;
		};
/* End PBXSourcesBuildPhase section */

/* Begin PBXTargetDependency section */
		6F8A723029E8C4B900C4A9C8 /* PBXTargetDependency */ = {
			isa = PBXTargetDependency;
			target = 6F8A721729E8C4B900C4A9C8 /* boxes */;
			targetProxy = 6F8A722F29E8C4B900C4A9C8 /* PBXContainerItemProxy */;
		};
		6F8A723B29E8C4B900C4A9C8 /* PBXTargetDependency */ = {
			isa = PBXTargetDependency;
			target = 6F8A721729E8C4B900C4A9C8 /* boxes */;
			targetProxy = 6F8A723A29E8C4B900C4A9C8 /* PBXContainerItemProxy */;
		};
/* End PBXTargetDependency section */

/* Begin PBXVariantGroup section */
		6F8A722129E8C4B900C4A9C8 /* Main.storyboard */ = {
			isa = PBXVariantGroup;
			children = (
				6F8A722229E8C4B900C4A9C8 /* Base */,
			);
			name = Main.storyboard;
			sourceTree = "<group>";
		};
		6F8A722629E8C4B900C4A9C8 /* LaunchScreen.storyboard */ = {
			isa = PBXVariantGroup;
			children = (
				6F8A722729E8C4B900C4A9C8 /* Base */,
			);
			name = LaunchScreen.storyboard;
			sourceTree = "<group>";
		};
/* End PBXVariantGroup section */

/* Begin XCBuildConfiguration section */
		6F8A724029E8C4B900C4A9C8 /* Debug */ = {
			isa = XCBuildConfiguration;
			buildSettings = {
				ALWAYS_SEARCH_USER_PATHS = NO;
				CLANG_ANALYZER_NONNULL = YES;
				CLANG_ANALYZER_NUMBER_OBJECT_CONVERSION = YES_AGGRESSIVE;
				CLANG_CXX_LANGUAGE_STANDARD = "gnu++14";
				CLANG_CXX_LIBRARY = "libc++";
				CLANG_ENABLE_MODULES = YES;
				CLANG_ENABLE_OBJC_ARC = YES;
				CLANG_ENABLE_OBJC_WEAK = YES;
				CLANG_WARN_BLOCK_CAPTURE_AUTORELEASING = YES;
				CLANG_WARN_BOOL_CONVERSION = YES;
				CLANG_WARN_COMMA = YES;
				CLANG_WARN_CONSTANT_CONVERSION = YES;
				CLANG_WARN_DEPRECATED_OBJC_IMPLEMENTATIONS = YES;
				CLANG_WARN_DIRECT_OBJC_ISA_USAGE = YES_ERROR;
				CLANG_WARN_DOCUMENTATION_COMMENTS = YES;
				CLANG_WARN_EMPTY_BODY = YES;
				CLANG_WARN_ENUM_CONVERSION = YES;
				CLANG_WARN_INFINITE_RECURSION = YES;
				CLANG_WARN_INT_CONVERSION = YES;
				CLANG_WARN_NON_LITERAL_NULL_CONVERSION = YES;
				CLANG_WARN_OBJC_IMPLICIT_RETAIN_SELF = YES;
				CLANG_WARN_OBJC_LITERAL_CONVERSION = YES;
				CLANG_WARN_OBJC_ROOT_CLASS = YES_ERROR;
				CLANG_WARN_QUOTED_INCLUDE_IN_FRAMEWORK_HEADER = YES;
				CLANG_WARN_RANGE_LOOP_ANALYSIS = YES;
				CLANG_WARN_STRICT_PROTOTYPES = YES;
				CLANG_WARN_SUSPICIOUS_MOVE = YES;
				CLANG_WARN_UNGUARDED_AVAILABILITY = YES_AGGRESSIVE;
				CLANG_WARN_UNREACHABLE_CODE = YES;
				CLANG_WARN__DUPLICATE_METHOD_MATCH = YES;
				COPY_PHASE_STRIP = NO;
				DEBUG_INFORMATION_FORMAT = dwarf;
				ENABLE_STRICT_OBJC_MSGSEND = YES;
				ENABLE_TESTABILITY = YES;
				GCC_C_LANGUAGE_STANDARD = gnu11;
				GCC_DYNAMIC_NO_PIC = NO;
				GCC_NO_COMMON_BLOCKS = YES;
				GCC_OPTIMIZATION_LEVEL = 0;
				GCC_PREPROCESSOR_DEFINITIONS = (
					"DEBUG=1",
					"$(inherited)",
				);
				GCC_WARN_64_TO_32_BIT_CONVERSION = YES;
				GCC_WARN_ABOUT_RETURN_TYPE = YES_ERROR;
				GCC_WARN_UNDECLARED_SELECTOR = YES;
				GCC_WARN_UNINITIALIZED_AUTOS = YES_AGGRESSIVE;
				GCC_WARN_UNUSED_FUNCTION = YES;
				GCC_WARN_UNUSED_VARIABLE = YES;
				INFOPLIST_KEY_UIApplicationSceneManifest_Generation = NO;
				IPHONEOS_DEPLOYMENT_TARGET = 11.0;
				MTL_ENABLE_DEBUG_INFO = INCLUDE_SOURCE;
				MTL_FAST_MATH = YES;
				ONLY_ACTIVE_ARCH = YES;
				SDKROOT = iphoneos;
				SWIFT_ACTIVE_COMPILATION_CONDITIONS = DEBUG;
				SWIFT_OPTIMIZATION_LEVEL = "-Onone";
			};
			name = Debug;
		};
		6F8A724129E8C4B900C4A9C8 /* Release */ = {
			isa = XCBuildConfiguration;
			buildSettings = {
				ALWAYS_SEARCH_USER_PATHS = NO;
				CLANG_ANALYZER_NONNULL = YES;
				CLANG_ANALYZER_NUMBER_OBJECT_CONVERSION = YES_AGGRESSIVE;
				CLANG_CXX_LANGUAGE_STANDARD = "gnu++14";
				CLANG_CXX_LIBRARY = "libc++";
				CLANG_ENABLE_MODULES = YES;
				CLANG_ENABLE_OBJC_ARC = YES;
				CLANG_ENABLE_OBJC_WEAK = YES;
				CLANG_WARN_BLOCK_CAPTURE_AUTORELEASING = YES;
				CLANG_WARN_BOOL_CONVERSION = YES;
				CLANG_WARN_COMMA = YES;
				CLANG_WARN_CONSTANT_CONVERSION = YES;
				CLANG_WARN_DEPRECATED_OBJC_IMPLEMENTATIONS = YES;
				CLANG_WARN_DIRECT_OBJC_ISA_USAGE = YES_ERROR;
				CLANG_WARN_DOCUMENTATION_COMMENTS = YES;
				CLANG_WARN_EMPTY_BODY = YES;
				CLANG_WARN_ENUM_CONVERSION = YES;
				CLANG_WARN_INFINITE_RECURSION = YES;
				CLANG_WARN_INT_CONVERSION = YES;
				CLANG_WARN_NON_LITERAL_NULL_CONVERSION = YES;
				CLANG_WARN_OBJC_IMPLICIT_RETAIN_SELF = YES;
				CLANG_WARN_OBJC_LITERAL_CONVERSION = YES;
				CLANG_WARN_OBJC_ROOT_CLASS = YES_ERROR;
				CLANG_WARN_QUOTED_INCLUDE_IN_FRAMEWORK_HEADER = YES;
				CLANG_WARN_RANGE_LOOP_ANALYSIS = YES;
				CLANG_WARN_STRICT_PROTOTYPES = YES;
				CLANG_WARN_SUSPICIOUS_MOVE = YES;
				CLANG_WARN_UNGUARDED_AVAILABILITY = YES_AGGRESSIVE;
				CLANG_WARN_UNREACHABLE_CODE = YES;
				CLANG_WARN__DUPLICATE_METHOD_MATCH = YES;
				COPY_PHASE_STRIP = NO;
				DEBUG_INFORMATION_FORMAT = "dwarf-with-dsym";
				ENABLE_NS_ASSERTIONS = NO;
				ENABLE_STRICT_OBJC_MSGSEND = YES;
				GCC_C_LANGUAGE_STANDARD = gnu11;
				GCC_NO_COMMON_BLOCKS = YES;
				GCC_WARN_64_TO_32_BIT_CONVERSION = YES;
				GCC_WARN_ABOUT_RETURN_TYPE = YES_ERROR;
				GCC_WARN_UNDECLARED_SELECTOR = YES;
				GCC_WARN_UNINITIALIZED_AUTOS = YES_AGGRESSIVE;
				GCC_WARN_UNUSED_FUNCTION = YES;
				GCC_WARN_UNUSED_VARIABLE = YES;
				INFOPLIST_KEY_UIApplicationSceneManifest_Generation = NO;
				IPHONEOS_DEPLOYMENT_TARGET = 11.0;
				MTL_ENABLE_DEBUG_INFO = NO;
				MTL_FAST_MATH = YES;
				SDKROOT = iphoneos;
				SWIFT_COMPILATION_MODE = wholemodule;
				SWIFT_OPTIMIZATION_LEVEL = "-O";
				VALIDATE_PRODUCT = YES;
			};
			name = Release;
		};
		6F8A724329E8C4B900C4A9C8 /* Debug */ = {
			isa = XCBuildConfiguration;
			buildSettings = {
				ASSETCATALOG_COMPILER_APPICON_NAME = AppIcon;
				ASSETCATALOG_COMPILER_GLOBAL_ACCENT_COLOR_NAME = AccentColor;
				CODE_SIGN_STYLE = Automatic;
				DEVELOPMENT_TEAM = 949DZ474G2;
				INFOPLIST_FILE = boxes/Info.plist;
				INFOPLIST_KEY_UIApplicationSceneManifest_Generation = NO;
				IPHONEOS_DEPLOYMENT_TARGET = 11.0;
				LD_RUNPATH_SEARCH_PATHS = (
					"$(inherited)",
					"@executable_path/Frameworks",
				);
				PRODUCT_BUNDLE_IDENTIFIER = awm.ios.mcba.boxes;
				PRODUCT_NAME = "$(TARGET_NAME)";
				SWIFT_VERSION = 5.0;
				TARGETED_DEVICE_FAMILY = "1,2";
			};
			name = Debug;
		};
		6F8A724429E8C4B900C4A9C8 /* Release */ = {
			isa = XCBuildConfiguration;
			buildSettings = {
				ASSETCATALOG_COMPILER_APPICON_NAME = AppIcon;
				ASSETCATALOG_COMPILER_GLOBAL_ACCENT_COLOR_NAME = AccentColor;
				CODE_SIGN_STYLE = Automatic;
				DEVELOPMENT_TEAM = 949DZ474G2;
				INFOPLIST_FILE = boxes/Info.plist;
				INFOPLIST_KEY_UIApplicationSceneManifest_Generation = NO;
				IPHONEOS_DEPLOYMENT_TARGET = 11.0;
				LD_RUNPATH_SEARCH_PATHS = (
					"$(inherited)",
					"@executable_path/Frameworks",
				);
				PRODUCT_BUNDLE_IDENTIFIER = awm.ios.mcba.boxes;
				PRODUCT_NAME = "$(TARGET_NAME)";
				SWIFT_VERSION = 5.0;
				TARGETED_DEVICE_FAMILY = "1,2";
			};
			name = Release;
		};
		6F8A724629E8C4B900C4A9C8 /* Debug */ = {
			isa = XCBuildConfiguration;
			buildSettings = {
				ALWAYS_EMBED_SWIFT_STANDARD_LIBRARIES = YES;
				BUNDLE_LOADER = "$(TEST_HOST)";
				CODE_SIGN_STYLE = Automatic;
				DEVELOPMENT_TEAM = 949DZ474G2;
				INFOPLIST_FILE = boxesTests/Info.plist;
				IPHONEOS_DEPLOYMENT_TARGET = 10.3;
				LD_RUNPATH_SEARCH_PATHS = (
					"$(inherited)",
					"@executable_path/Frameworks",
					"@loader_path/Frameworks",
				);
				PRODUCT_BUNDLE_IDENTIFIER = awm.ios.mcba.boxesTests;
				PRODUCT_NAME = "$(TARGET_NAME)";
				SWIFT_VERSION = 5.0;
				TARGETED_DEVICE_FAMILY = "1,2";
				TEST_HOST = "$(BUILT_PRODUCTS_DIR)/boxes.app/boxes";
			};
			name = Debug;
		};
		6F8A724729E8C4B900C4A9C8 /* Release */ = {
			isa = XCBuildConfiguration;
			buildSettings = {
				ALWAYS_EMBED_SWIFT_STANDARD_LIBRARIES = YES;
				BUNDLE_LOADER = "$(TEST_HOST)";
				CODE_SIGN_STYLE = Automatic;
				DEVELOPMENT_TEAM = 949DZ474G2;
				INFOPLIST_FILE = boxesTests/Info.plist;
				IPHONEOS_DEPLOYMENT_TARGET = 10.3;
				LD_RUNPATH_SEARCH_PATHS = (
					"$(inherited)",
					"@executable_path/Frameworks",
					"@loader_path/Frameworks",
				);
				PRODUCT_BUNDLE_IDENTIFIER = awm.ios.mcba.boxesTests;
				PRODUCT_NAME = "$(TARGET_NAME)";
				SWIFT_VERSION = 5.0;
				TARGETED_DEVICE_FAMILY = "1,2";
				TEST_HOST = "$(BUILT_PRODUCTS_DIR)/boxes.app/boxes";
			};
			name = Release;
		};
		6F8A724929E8C4B900C4A9C8 /* Debug */ = {
			isa = XCBuildConfiguration;
			buildSettings = {
				ALWAYS_EMBED_SWIFT_STANDARD_LIBRARIES = YES;
				CODE_SIGN_STYLE = Automatic;
				DEVELOPMENT_TEAM = 949DZ474G2;
				INFOPLIST_FILE = boxesUITests/Info.plist;
				LD_RUNPATH_SEARCH_PATHS = (
					"$(inherited)",
					"@executable_path/Frameworks",
					"@loader_path/Frameworks",
				);
				PRODUCT_BUNDLE_IDENTIFIER = awm.ios.mcba.boxesUITests;
				PRODUCT_NAME = "$(TARGET_NAME)";
				SWIFT_VERSION = 5.0;
				TARGETED_DEVICE_FAMILY = "1,2";
				TEST_TARGET_NAME = boxes;
			};
			name = Debug;
		};
		6F8A724A29E8C4B900C4A9C8 /* Release */ = {
			isa = XCBuildConfiguration;
			buildSettings = {
				ALWAYS_EMBED_SWIFT_STANDARD_LIBRARIES = YES;
				CODE_SIGN_STYLE = Automatic;
				DEVELOPMENT_TEAM = 949DZ474G2;
				INFOPLIST_FILE = boxesUITests/Info.plist;
				LD_RUNPATH_SEARCH_PATHS = (
					"$(inherited)",
					"@executable_path/Frameworks",
					"@loader_path/Frameworks",
				);
				PRODUCT_BUNDLE_IDENTIFIER = awm.ios.mcba.boxesUITests;
				PRODUCT_NAME = "$(TARGET_NAME)";
				SWIFT_VERSION = 5.0;
				TARGETED_DEVICE_FAMILY = "1,2";
				TEST_TARGET_NAME = boxes;
			};
			name = Release;
		};
/* End XCBuildConfiguration section */

/* Begin XCConfigurationList section */
		6F8A721329E8C4B800C4A9C8 /* Build configuration list for PBXProject "boxes" */ = {
			isa = XCConfigurationList;
			buildConfigurations = (
				6F8A724029E8C4B900C4A9C8 /* Debug */,
				6F8A724129E8C4B900C4A9C8 /* Release */,
			);
			defaultConfigurationIsVisible = 0;
			defaultConfigurationName = Release;
		};
		6F8A724229E8C4B900C4A9C8 /* Build configuration list for PBXNativeTarget "boxes" */ = {
			isa = XCConfigurationList;
			buildConfigurations = (
				6F8A724329E8C4B900C4A9C8 /* Debug */,
				6F8A724429E8C4B900C4A9C8 /* Release */,
			);
			defaultConfigurationIsVisible = 0;
			defaultConfigurationName = Release;
		};
		6F8A724529E8C4B900C4A9C8 /* Build configuration list for PBXNativeTarget "boxesTests" */ = {
			isa = XCConfigurationList;
			buildConfigurations = (
				6F8A724629E8C4B900C4A9C8 /* Debug */,
				6F8A724729E8C4B900C4A9C8 /* Release */,
			);
			defaultConfigurationIsVisible = 0;
			defaultConfigurationName = Release;
		};
		6F8A724829E8C4B900C4A9C8 /* Build configuration list for PBXNativeTarget "boxesUITests" */ = {
			isa = XCConfigurationList;
			buildConfigurations = (
				6F8A724929E8C4B900C4A9C8 /* Debug */,
				6F8A724A29E8C4B900C4A9C8 /* Release */,
			);
			defaultConfigurationIsVisible = 0;
			defaultConfigurationName = Release;
		};
/* End XCConfigurationList section */
	};
	rootObject = 6F8A721029E8C4B800C4A9C8 /* Project object */;
}
